
Microsoft Visual Studio Solution File, Format Version 12.00
# Visual Studio Version 17
VisualStudioVersion = 17.4.33122.133
MinimumVisualStudioVersion = 10.0.40219.1
Project("{FAE04EC0-301F-11D3-BF4B-00C04F79EFBC}") = "TransposeMatrix", "TransposeMatrix.csproj", "{7FD66E5D-835F-4C54-A799-52A450ECC8F0}"
EndProject
Global
	GlobalSection(SolutionConfigurationPlatforms) = preSolution
		Debug|Any CPU = Debug|Any CPU
		Release|Any CPU = Release|Any CPU
	EndGlobalSection
	GlobalSection(ProjectConfigurationPlatforms) = postSolution
		{7FD66E5D-835F-4C54-A799-52A450ECC8F0}.Debug|Any CPU.ActiveCfg = Debug|Any CPU
		{7FD66E5D-835F-4C54-A799-52A450ECC8F0}.Debug|Any CPU.Build.0 = Debug|Any CPU
		{7FD66E5D-835F-4C54-A799-52A450ECC8F0}.Release|Any CPU.ActiveCfg = Release|Any CPU
		{7FD66E5D-835F-4C54-A799-52A450ECC8F0}.Release|Any CPU.Build.0 = Release|Any CPU
	EndGlobalSection
	GlobalSection(SolutionProperties) = preSolution
		HideSolutionNode = FALSE
	EndGlobalSection
	GlobalSection(ExtensibilityGlobals) = postSolution
		SolutionGuid = {5DE05566-3CD5-4816-844A-767FAEC2EBBC}
	EndGlobalSection
EndGlobal
