
Microsoft Visual Studio Solution File, Format Version 12.00
# Visual Studio Version 17
VisualStudioVersion = 17.4.33122.133
MinimumVisualStudioVersion = 10.0.40219.1
Project("{FAE04EC0-301F-11D3-BF4B-00C04F79EFBC}") = "TournmentWinner", "TournmentWinner.csproj", "{FD75BAB1-5B2F-40AB-A1D1-7067D44246AE}"
EndProject
Global
	GlobalSection(SolutionConfigurationPlatforms) = preSolution
		Debug|Any CPU = Debug|Any CPU
		Release|Any CPU = Release|Any CPU
	EndGlobalSection
	GlobalSection(ProjectConfigurationPlatforms) = postSolution
		{FD75BAB1-5B2F-40AB-A1D1-7067D44246AE}.Debug|Any CPU.ActiveCfg = Debug|Any CPU
		{FD75BAB1-5B2F-40AB-A1D1-7067D44246AE}.Debug|Any CPU.Build.0 = Debug|Any CPU
		{FD75BAB1-5B2F-40AB-A1D1-7067D44246AE}.Release|Any CPU.ActiveCfg = Release|Any CPU
		{FD75BAB1-5B2F-40AB-A1D1-7067D44246AE}.Release|Any CPU.Build.0 = Release|Any CPU
	EndGlobalSection
	GlobalSection(SolutionProperties) = preSolution
		HideSolutionNode = FALSE
	EndGlobalSection
	GlobalSection(ExtensibilityGlobals) = postSolution
		SolutionGuid = {E8E842C3-78B5-4CA8-AD0E-E4F89E88D5B3}
	EndGlobalSection
EndGlobal
