
Microsoft Visual Studio Solution File, Format Version 12.00
# Visual Studio Version 17
VisualStudioVersion = 17.4.33122.133
MinimumVisualStudioVersion = 10.0.40219.1
Project("{FAE04EC0-301F-11D3-BF4B-00C04F79EFBC}") = "BubbleSort", "BubbleSort.csproj", "{6F0B059D-4964-4F6D-B66F-E0DFF0489103}"
EndProject
Global
	GlobalSection(SolutionConfigurationPlatforms) = preSolution
		Debug|Any CPU = Debug|Any CPU
		Release|Any CPU = Release|Any CPU
	EndGlobalSection
	GlobalSection(ProjectConfigurationPlatforms) = postSolution
		{6F0B059D-4964-4F6D-B66F-E0DFF0489103}.Debug|Any CPU.ActiveCfg = Debug|Any CPU
		{6F0B059D-4964-4F6D-B66F-E0DFF0489103}.Debug|Any CPU.Build.0 = Debug|Any CPU
		{6F0B059D-4964-4F6D-B66F-E0DFF0489103}.Release|Any CPU.ActiveCfg = Release|Any CPU
		{6F0B059D-4964-4F6D-B66F-E0DFF0489103}.Release|Any CPU.Build.0 = Release|Any CPU
	EndGlobalSection
	GlobalSection(SolutionProperties) = preSolution
		HideSolutionNode = FALSE
	EndGlobalSection
	GlobalSection(ExtensibilityGlobals) = postSolution
		SolutionGuid = {934E4F13-CE4D-4FDD-B0A4-C1A9CA306813}
	EndGlobalSection
EndGlobal
